
Microsoft Visual Studio Solution File, Format Version 12.00
# Visual Studio Version 17
VisualStudioVersion = 17.11.35327.3
MinimumVisualStudioVersion = 10.0.40219.1
Project("{9A19103F-16F7-4668-BE54-9A1E7A4F7556}") = "ReminderWebAPI", "ReminderWebAPI.csproj", "{8D09E1B9-7F93-4090-97CF-97D6189E61CD}"
EndProject
Project("{FAE04EC0-301F-11D3-BF4B-00C04F79EFBC}") = "ReminderWebAPI.Tests", "..\ReminderWebAPI.Tests\ReminderWebAPI.Tests.csproj", "{80879A6B-BA49-421E-A97B-DA4C595B03EF}"
EndProject
Global
	GlobalSection(SolutionConfigurationPlatforms) = preSolution
		Debug|Any CPU = Debug|Any CPU
		Release|Any CPU = Release|Any CPU
	EndGlobalSection
	GlobalSection(ProjectConfigurationPlatforms) = postSolution
		{8D09E1B9-7F93-4090-97CF-97D6189E61CD}.Debug|Any CPU.ActiveCfg = Debug|Any CPU
		{8D09E1B9-7F93-4090-97CF-97D6189E61CD}.Debug|Any CPU.Build.0 = Debug|Any CPU
		{8D09E1B9-7F93-4090-97CF-97D6189E61CD}.Release|Any CPU.ActiveCfg = Release|Any CPU
		{8D09E1B9-7F93-4090-97CF-97D6189E61CD}.Release|Any CPU.Build.0 = Release|Any CPU
		{80879A6B-BA49-421E-A97B-DA4C595B03EF}.Debug|Any CPU.ActiveCfg = Debug|Any CPU
		{80879A6B-BA49-421E-A97B-DA4C595B03EF}.Debug|Any CPU.Build.0 = Debug|Any CPU
		{80879A6B-BA49-421E-A97B-DA4C595B03EF}.Release|Any CPU.ActiveCfg = Release|Any CPU
		{80879A6B-BA49-421E-A97B-DA4C595B03EF}.Release|Any CPU.Build.0 = Release|Any CPU
	EndGlobalSection
	GlobalSection(SolutionProperties) = preSolution
		HideSolutionNode = FALSE
	EndGlobalSection
	GlobalSection(ExtensibilityGlobals) = postSolution
		SolutionGuid = {E55AAE78-C973-4CFF-8B88-81BB48F967FB}
	EndGlobalSection
EndGlobal
